
Microsoft Visual Studio Solution File, Format Version 12.00
Project("{FAE04EC0-301F-11D3-BF4B-00C04F79EFBC}") = "PleasantAndTangyGrpc", "PleasantAndTangyGrpc\PleasantAndTangyGrpc.csproj", "{62ECA821-8743-4701-BA81-9D110807AF1B}"
EndProject
Global
	GlobalSection(SolutionConfigurationPlatforms) = preSolution
		Debug|Any CPU = Debug|Any CPU
		Release|Any CPU = Release|Any CPU
	EndGlobalSection
	GlobalSection(ProjectConfigurationPlatforms) = postSolution
		{62ECA821-8743-4701-BA81-9D110807AF1B}.Debug|Any CPU.ActiveCfg = Debug|Any CPU
		{62ECA821-8743-4701-BA81-9D110807AF1B}.Debug|Any CPU.Build.0 = Debug|Any CPU
		{62ECA821-8743-4701-BA81-9D110807AF1B}.Release|Any CPU.ActiveCfg = Release|Any CPU
		{62ECA821-8743-4701-BA81-9D110807AF1B}.Release|Any CPU.Build.0 = Release|Any CPU
	EndGlobalSection
EndGlobal
